{
    "_meta": {
        "hash": {
            "sha256": "3ce1cd272123418a6da5e137ad62e70a3a3ed6946d2379f1f7b930dcfc08fa91"
        },
        "pipfile-spec": 6,
        "requires": {
            "python_version": "3.8"
        },
        "sources": [
            {
                "name": "pypi",
                "url": "https://pypi.org/simple",
                "verify_ssl": true
            }
        ]
    },
    "default": {
        "click": {
            "hashes": [
                "sha256:8c04c11192119b1ef78ea049e0a6f0463e4c48ef00a30160c704337586f3ad7a",
                "sha256:fba402a4a47334742d782209a7c79bc448911afe1149d07bdabdf480b3e2f4b6"
            ],
            "index": "pypi",
            "version": "==8.0.1"
        },
        "sqlfmt": {
            "editable": true,
            "path": "."
        }
    },
    "develop": {
        "appdirs": {
            "hashes": [
                "sha256:7d5d0167b2b1ba821647616af46a749d1c653740dd0d2415100fe26e27afdf41",
                "sha256:a841dacd6b99318a741b166adb07e19ee71a274450e68237b4650ca1055ab128"
            ],
            "version": "==1.4.4"
        },
        "attrs": {
            "hashes": [
                "sha256:149e90d6d8ac20db7a955ad60cf0e6881a3f20d37096140088356da6c716b0b1",
                "sha256:ef6aaac3ca6cd92904cdd0d83f629a15f18053ec84e6432106f7a4d04ae4f5fb"
            ],
            "markers": "python_version >= '2.7' and python_version not in '3.0, 3.1, 3.2, 3.3, 3.4'",
            "version": "==21.2.0"
        },
        "black": {
            "hashes": [
                "sha256:dc132348a88d103016726fe360cb9ede02cecf99b76e3660ce6c596be132ce04",
                "sha256:dfb8c5a069012b2ab1e972e7b908f5fb42b6bbabcba0a788b86dc05067c7d9c7"
            ],
            "index": "pypi",
            "version": "==21.6b0"
        },
        "cfgv": {
            "hashes": [
                "sha256:9e600479b3b99e8af981ecdfc80a0296104ee610cab48a5ae4ffd0b668650eb1",
                "sha256:b449c9c6118fe8cca7fa5e00b9ec60ba08145d281d52164230a69211c5d597a1"
            ],
            "markers": "python_full_version >= '3.6.1'",
            "version": "==3.3.0"
        },
        "click": {
            "hashes": [
                "sha256:8c04c11192119b1ef78ea049e0a6f0463e4c48ef00a30160c704337586f3ad7a",
                "sha256:fba402a4a47334742d782209a7c79bc448911afe1149d07bdabdf480b3e2f4b6"
            ],
            "index": "pypi",
            "version": "==8.0.1"
        },
        "coverage": {
            "hashes": [
                "sha256:00368e6328ebff76197fff5f4d5704b44098f89d8d99a67a349ad6674ec0b157",
                "sha256:0389690e0a1c94e9a246dc3130355d70805e51ca509db1bf07fbde27efb33aa4",
                "sha256:065d2181f44392893d37d0a4f9ff60b485d705f733356d0a2fb292a58c6f2e0f",
                "sha256:082febdba717c769da92d5e19e14a659ebef6daab19b67fced304b7b8d2475e2",
                "sha256:0a35ae0d590effb7cc96e7d6935ae2ab8a51526a111fbe0f12d1671aa9fdc377",
                "sha256:142493f0400a0bd5acf03c52971229e937323c3e24c372800ae1c44a503e0921",
                "sha256:186f53367a08e8d24cc534c7cbfa43a82d1618a48dec2e0c56e80577ec1888fe",
                "sha256:2163a00bcd613e95e118c01ea2811f705fbbacf1904d657b24d306879e2303d3",
                "sha256:24ecf342b1e23de259d81b3adc83578935babeb54f6950c9bd9534b12443a49c",
                "sha256:2c24d3e09f433817ddd0cb2e8f82f8b42cd09a8ac558462fedf99be479ed4851",
                "sha256:2d741575de4a13869c9d4a685235bacc897c94afd3703e2ad4fdc362f37e87da",
                "sha256:305ca73c09dd84054a3a8f53d5b70e0325b5b303245d0b96ed505698dc7e8ea7",
                "sha256:4bf1d0a390de707f8bfd49efdcdac9366ce77ed64cb35b344f58b1ec62517317",
                "sha256:50d90d6b753debb7568621125aad4e5fb418e7bdcb0dba3fa6f4ee82994b35d4",
                "sha256:5a2079bca21fa959608223b90cf2f95ce686a6497fb12bfaaa7bb24c3e298199",
                "sha256:60c6d433f0357db7ed2a2a698fb75b8ce919ce547d6d6bc79c576e090f509768",
                "sha256:66cfae29bccea703f02d8997f60d71e236c5a321588f5aa5a318bd88ca23dc0a",
                "sha256:6d6fc990962559de1f3685eb3e365ca60f2e3257bfd145bf675c566b8ebb1944",
                "sha256:703b126f3ad20c463b545e199c4da460695630da5fdfd949de6a6269b45eabab",
                "sha256:730cee22c41852b90948343cdfd183db1e96a9de69fd4dabec3532c582afea68",
                "sha256:7e4a16bde8a3b7424b2955130f5a6c29e741e7138fe05c5d9d72efc356076a80",
                "sha256:801e8277958bc2e6cc1f2443a20a2a97f79583aa64524b130e1c0de44c287ca9",
                "sha256:80baa69a78d5696c60b72dee44ac3d5ccf75ee82e84d018938ddf642d036a6a8",
                "sha256:80c00ce9cef80afbf18d16cb3052f5601ba8d087501d829169eecb33c153346a",
                "sha256:89db5a374d793344087732207ee15869549486b2148e3e2e6effe22146351fcd",
                "sha256:917b98cc5725ea2e0b88c74d34182589a9be07092cb35b861ea9e74189174f71",
                "sha256:9398f8fd89f6f260e94e57559df1885b8200b18312824b617a8789e0f5e7dc74",
                "sha256:95b6f212bb0c7379f1f2f6e47c722fbdc7355d8b7488a68649e83dfa29522704",
                "sha256:9f23313f3e494475581d46de3b8b6bdcf618ee1df412490e779a9aa0a6c72162",
                "sha256:9f6f26e5b129bb0218aab30d368d6ead750517a457986f8854b1df4b4c318098",
                "sha256:a502693c83a2c6558bc45b4c2dc01a00c9b99cb3cf846913438933a44af174fc",
                "sha256:aa4999130a8e892fa9051edc18bf4daa0a2839d3f3de2dcfcbf0ae4619ee3b5e",
                "sha256:b10be0b80784c1beb8061e5ce938d8511a182125de5fc695a60f0561b984d361",
                "sha256:b1f7b23a606aaf2464eb81c23b5b20623e2ba44b4aaca6ea9bfe00e84a1a5264",
                "sha256:b78c8d232d97dbc8ad3a3d94cc15fccabe9a331685d76d2e5cb5284acc4a5feb",
                "sha256:b88fa862817035ad7921f2641c27a85dab12cc685ad3ef29c0caaf5b3d10a868",
                "sha256:b93fb9137070899b5f10d6487724f4427b5945983a785e1e2f1102c5e175c516",
                "sha256:b9639e16c1bc4eb8a78b3b30df4146bb78df5d52ba1b7454b634abd89aede6cc",
                "sha256:baa3b6be365c97f80d92a397cb8963dcd9bc22d101b39784e77a9cad093812f8",
                "sha256:c06c5758bae454a49dc3e7917804b46c31bb4a72cedfc8e7b4f17a318b3de9d6",
                "sha256:c544153709e93ea7e9edcefee72f5afcf484a9cb526067065f9419419f4a3694",
                "sha256:c6c74260ba130f7c20a340e8f9e544b0941621641f53edcf69e4602e12c9f29e",
                "sha256:d040615ff5c02ffd97ba9f0f73b9db34c09b8142fbfdd363b2a79fa6a554242c",
                "sha256:d85774b1ac09ec1d958e63baa436cc4c90e2e910294847ba51dcc3ca3ca04a63",
                "sha256:e508bb216eee8350e77b436f9f99c4f2d8335ecb51483f5ffd8bf5e84aaa56d1",
                "sha256:ea1cb38b1a52392ebb4e93eaf4a44b3cfdec35cca3f78a9a599f27b7f27031e2",
                "sha256:ec310e0029d530d1043f638b7a326b349884421572626bc2909408da7b0d03e5",
                "sha256:ed04b79f53fa975660f1a598120c504a0f4529170eeaf0d823fcc1f06f4d2e0f",
                "sha256:f4909ee1ddabed351f0fa55063a7dbe498001e2245a9602d9fb0fd74afecdca9",
                "sha256:f49ae9e19737493911e7f8e551310f719f463e442ea1ec92fe0804c62066a7e8",
                "sha256:f4c93e6102087dda4931fcd50fa4ad44e8e43e09419290c5f05cc2c690961ebf",
                "sha256:fa1b639d85af4794cb20d7cfd4c5ae38e94a418b17a2318a1992b470fb68260d"
            ],
            "markers": "python_version >= '2.7' and python_version not in '3.0, 3.1, 3.2, 3.3, 3.4'",
            "version": "==5.6b1"
        },
        "distlib": {
            "hashes": [
                "sha256:106fef6dc37dd8c0e2c0a60d3fca3e77460a48907f335fa28420463a6f799736",
                "sha256:23e223426b28491b1ced97dc3bbe183027419dfc7982b4fa2f05d5f3ff10711c"
            ],
            "version": "==0.3.2"
        },
        "filelock": {
            "hashes": [
                "sha256:18d82244ee114f543149c66a6e0c14e9c4f8a1044b5cdaadd0f82159d6a6ff59",
                "sha256:929b7d63ec5b7d6b71b0fa5ac14e030b3f70b75747cef1b10da9b879fef15836"
            ],
            "version": "==3.0.12"
        },
        "flake8": {
            "hashes": [
                "sha256:07528381786f2a6237b061f6e96610a4167b226cb926e2aa2b6b1d78057c576b",
                "sha256:bf8fd333346d844f616e8d47905ef3a3384edae6b4e9beb0c5101e25e3110907"
            ],
            "index": "pypi",
            "version": "==3.9.2"
        },
        "identify": {
            "hashes": [
                "sha256:7abaecbb414e385752e8ce02d8c494f4fbc780c975074b46172598a28f1ab839",
                "sha256:a0e700637abcbd1caae58e0463861250095dfe330a8371733a471af706a4a29a"
            ],
            "markers": "python_full_version >= '3.6.1'",
            "version": "==2.2.11"
        },
        "iniconfig": {
            "hashes": [
                "sha256:011e24c64b7f47f6ebd835bb12a743f2fbe9a26d4cecaa7f53bc4f35ee9da8b3",
                "sha256:bc3af051d7d14b2ee5ef9969666def0cd1a000e121eaea580d4a313df4b37f32"
            ],
            "version": "==1.1.1"
        },
        "isort": {
            "hashes": [
                "sha256:eed17b53c3e7912425579853d078a0832820f023191561fcee9d7cae424e0813",
                "sha256:f65ce5bd4cbc6abdfbe29afc2f0245538ab358c14590912df638033f157d555e"
            ],
            "index": "pypi",
            "version": "==5.9.2"
        },
        "mccabe": {
            "hashes": [
                "sha256:ab8a6258860da4b6677da4bd2fe5dc2c659cff31b3ee4f7f5d64e79735b80d42",
                "sha256:dd8d182285a0fe56bace7f45b5e7d1a6ebcbf524e8f3bd87eb0f125271b8831f"
            ],
            "version": "==0.6.1"
        },
        "mypy": {
            "hashes": [
                "sha256:088cd9c7904b4ad80bec811053272986611b84221835e079be5bcad029e79dd9",
                "sha256:0aadfb2d3935988ec3815952e44058a3100499f5be5b28c34ac9d79f002a4a9a",
                "sha256:119bed3832d961f3a880787bf621634ba042cb8dc850a7429f643508eeac97b9",
                "sha256:1a85e280d4d217150ce8cb1a6dddffd14e753a4e0c3cf90baabb32cefa41b59e",
                "sha256:3c4b8ca36877fc75339253721f69603a9c7fdb5d4d5a95a1a1b899d8b86a4de2",
                "sha256:3e382b29f8e0ccf19a2df2b29a167591245df90c0b5a2542249873b5c1d78212",
                "sha256:42c266ced41b65ed40a282c575705325fa7991af370036d3f134518336636f5b",
                "sha256:53fd2eb27a8ee2892614370896956af2ff61254c275aaee4c230ae771cadd885",
                "sha256:704098302473cb31a218f1775a873b376b30b4c18229421e9e9dc8916fd16150",
                "sha256:7df1ead20c81371ccd6091fa3e2878559b5c4d4caadaf1a484cf88d93ca06703",
                "sha256:866c41f28cee548475f146aa4d39a51cf3b6a84246969f3759cb3e9c742fc072",
                "sha256:a155d80ea6cee511a3694b108c4494a39f42de11ee4e61e72bc424c490e46457",
                "sha256:adaeee09bfde366d2c13fe6093a7df5df83c9a2ba98638c7d76b010694db760e",
                "sha256:b6fb13123aeef4a3abbcfd7e71773ff3ff1526a7d3dc538f3929a49b42be03f0",
                "sha256:b94e4b785e304a04ea0828759172a15add27088520dc7e49ceade7834275bedb",
                "sha256:c0df2d30ed496a08de5daed2a9ea807d07c21ae0ab23acf541ab88c24b26ab97",
                "sha256:c6c2602dffb74867498f86e6129fd52a2770c48b7cd3ece77ada4fa38f94eba8",
                "sha256:ceb6e0a6e27fb364fb3853389607cf7eb3a126ad335790fa1e14ed02fba50811",
                "sha256:d9dd839eb0dc1bbe866a288ba3c1afc33a202015d2ad83b31e875b5905a079b6",
                "sha256:e4dab234478e3bd3ce83bac4193b2ecd9cf94e720ddd95ce69840273bf44f6de",
                "sha256:ec4e0cd079db280b6bdabdc807047ff3e199f334050db5cbb91ba3e959a67504",
                "sha256:ecd2c3fe726758037234c93df7e98deb257fd15c24c9180dacf1ef829da5f921",
                "sha256:ef565033fa5a958e62796867b1df10c40263ea9ded87164d67572834e57a174d"
            ],
            "index": "pypi",
            "version": "==0.910"
        },
        "mypy-extensions": {
            "hashes": [
                "sha256:090fedd75945a69ae91ce1303b5824f428daf5a028d2f6ab8a299250a846f15d",
                "sha256:2d82818f5bb3e369420cb3c4060a7970edba416647068eb4c5343488a6c604a8"
            ],
            "version": "==0.4.3"
        },
        "nodeenv": {
            "hashes": [
                "sha256:3ef13ff90291ba2a4a7a4ff9a979b63ffdd00a464dbe04acf0ea6471517a4c2b",
                "sha256:621e6b7076565ddcacd2db0294c0381e01fd28945ab36bcf00f41c5daf63bef7"
            ],
            "version": "==1.6.0"
        },
        "packaging": {
            "hashes": [
                "sha256:7dc96269f53a4ccec5c0670940a4281106dd0bb343f47b7471f779df49c2fbe7",
                "sha256:c86254f9220d55e31cc94d69bade760f0847da8000def4dfe1c6b872fd14ff14"
            ],
            "markers": "python_version >= '3.6'",
            "version": "==21.0"
        },
        "pathspec": {
            "hashes": [
                "sha256:86379d6b86d75816baba717e64b1a3a3469deb93bb76d613c9ce79edc5cb68fd",
                "sha256:aa0cb481c4041bf52ffa7b0d8fa6cd3e88a2ca4879c533c9153882ee2556790d"
            ],
            "version": "==0.8.1"
        },
        "pluggy": {
            "hashes": [
                "sha256:265a94bf44ca13662f12fcd1b074c14d4b269a712f051b6f644ef7e705d6735f",
                "sha256:467f0219e89bb5061a8429c6fc5cf055fa3983a0e68e84a1d205046306b37d9e"
            ],
            "markers": "python_version >= '2.7' and python_version not in '3.0, 3.1, 3.2, 3.3'",
            "version": "==1.0.0.dev0"
        },
        "pre-commit": {
            "hashes": [
                "sha256:764972c60693dc668ba8e86eb29654ec3144501310f7198742a767bec385a378",
                "sha256:b679d0fddd5b9d6d98783ae5f10fd0c4c59954f375b70a58cbe1ce9bcf9809a4"
            ],
            "index": "pypi",
            "version": "==2.13.0"
        },
        "py": {
            "hashes": [
                "sha256:21b81bda15b66ef5e1a777a21c4dcd9c20ad3efd0b3f817e7a809035269e1bd3",
                "sha256:3b80836aa6d1feeaa108e046da6423ab8f6ceda6468545ae8d02d9d58d18818a"
            ],
            "markers": "python_version >= '2.7' and python_version not in '3.0, 3.1, 3.2, 3.3'",
            "version": "==1.10.0"
        },
        "pycodestyle": {
            "hashes": [
                "sha256:514f76d918fcc0b55c6680472f0a37970994e07bbb80725808c17089be302068",
                "sha256:c389c1d06bf7904078ca03399a4816f974a1d590090fecea0c63ec26ebaf1cef"
            ],
            "markers": "python_version >= '2.7' and python_version not in '3.0, 3.1, 3.2, 3.3'",
            "version": "==2.7.0"
        },
        "pyflakes": {
            "hashes": [
                "sha256:7893783d01b8a89811dd72d7dfd4d84ff098e5eed95cfa8905b22bbffe52efc3",
                "sha256:f5bc8ecabc05bb9d291eb5203d6810b49040f6ff446a756326104746cc00c1db"
            ],
            "markers": "python_version >= '2.7' and python_version not in '3.0, 3.1, 3.2, 3.3'",
            "version": "==2.3.1"
        },
        "pyparsing": {
            "hashes": [
                "sha256:1c6409312ce2ce2997896af5756753778d5f1603666dba5587804f09ad82ed27",
                "sha256:f4896b4cc085a1f8f8ae53a1a90db5a86b3825ff73eb974dffee3d9e701007f4"
            ],
            "markers": "python_version >= '3.5'",
            "version": "==3.0.0b2"
        },
        "pytest": {
            "hashes": [
                "sha256:50bcad0a0b9c5a72c8e4e7c9855a3ad496ca6a881a3641b4260605450772c54b",
                "sha256:91ef2131a9bd6be8f76f1f08eac5c5317221d6ad1e143ae03894b862e8976890"
            ],
            "index": "pypi",
            "version": "==6.2.4"
        },
        "pytest-cov": {
            "hashes": [
                "sha256:261bb9e47e65bd099c89c3edf92972865210c36813f80ede5277dceb77a4a62a",
                "sha256:261ceeb8c227b726249b376b8526b600f38667ee314f910353fa318caa01f4d7"
            ],
            "index": "pypi",
            "version": "==2.12.1"
        },
        "pyyaml": {
            "hashes": [
                "sha256:08682f6b72c722394747bddaf0aa62277e02557c0fd1c42cb853016a38f8dedf",
                "sha256:0f5f5786c0e09baddcd8b4b45f20a7b5d61a7e7e99846e3c799b05c7c53fa696",
                "sha256:129def1b7c1bf22faffd67b8f3724645203b79d8f4cc81f674654d9902cb4393",
                "sha256:294db365efa064d00b8d1ef65d8ea2c3426ac366c0c4368d930bf1c5fb497f77",
                "sha256:3b2b1824fe7112845700f815ff6a489360226a5609b96ec2190a45e62a9fc922",
                "sha256:3bd0e463264cf257d1ffd2e40223b197271046d09dadf73a0fe82b9c1fc385a5",
                "sha256:4465124ef1b18d9ace298060f4eccc64b0850899ac4ac53294547536533800c8",
                "sha256:49d4cdd9065b9b6e206d0595fee27a96b5dd22618e7520c33204a4a3239d5b10",
                "sha256:4e0583d24c881e14342eaf4ec5fbc97f934b999a6828693a99157fde912540cc",
                "sha256:5accb17103e43963b80e6f837831f38d314a0495500067cb25afab2e8d7a4018",
                "sha256:607774cbba28732bfa802b54baa7484215f530991055bb562efbed5b2f20a45e",
                "sha256:6c78645d400265a062508ae399b60b8c167bf003db364ecb26dcab2bda048253",
                "sha256:72a01f726a9c7851ca9bfad6fd09ca4e090a023c00945ea05ba1638c09dc3347",
                "sha256:74c1485f7707cf707a7aef42ef6322b8f97921bd89be2ab6317fd782c2d53183",
                "sha256:895f61ef02e8fed38159bb70f7e100e00f471eae2bc838cd0f4ebb21e28f8541",
                "sha256:8c1be557ee92a20f184922c7b6424e8ab6691788e6d86137c5d93c1a6ec1b8fb",
                "sha256:bb4191dfc9306777bc594117aee052446b3fa88737cd13b7188d0e7aa8162185",
                "sha256:bfb51918d4ff3d77c1c856a9699f8492c612cde32fd3bcd344af9be34999bfdc",
                "sha256:c20cfa2d49991c8b4147af39859b167664f2ad4561704ee74c1de03318e898db",
                "sha256:cb333c16912324fd5f769fff6bc5de372e9e7a202247b48870bc251ed40239aa",
                "sha256:d2d9808ea7b4af864f35ea216be506ecec180628aced0704e34aca0b040ffe46",
                "sha256:d483ad4e639292c90170eb6f7783ad19490e7a8defb3e46f97dfe4bacae89122",
                "sha256:dd5de0646207f053eb0d6c74ae45ba98c3395a571a2891858e87df7c9b9bd51b",
                "sha256:e1d4970ea66be07ae37a3c2e48b5ec63f7ba6804bdddfdbd3cfd954d25a82e63",
                "sha256:e4fac90784481d221a8e4b1162afa7c47ed953be40d31ab4629ae917510051df",
                "sha256:fa5ae20527d8e831e8230cbffd9f8fe952815b2b7dae6ffec25318803a7528fc",
                "sha256:fd7f6999a8070df521b6384004ef42833b9bd62cfee11a09bda1079b4b704247",
                "sha256:fdc842473cd33f45ff6bce46aea678a54e3d21f1b61a7750ce3c498eedfe25d6",
                "sha256:fe69978f3f768926cfa37b867e3843918e012cf83f680806599ddce33c2c68b0"
            ],
            "markers": "python_version >= '2.7' and python_version not in '3.0, 3.1, 3.2, 3.3, 3.4, 3.5'",
            "version": "==5.4.1"
        },
        "regex": {
            "hashes": [
                "sha256:0eb2c6e0fcec5e0f1d3bcc1133556563222a2ffd2211945d7b1480c1b1a42a6f",
                "sha256:15dddb19823f5147e7517bb12635b3c82e6f2a3a6b696cc3e321522e8b9308ad",
                "sha256:173bc44ff95bc1e96398c38f3629d86fa72e539c79900283afa895694229fe6a",
                "sha256:1c78780bf46d620ff4fff40728f98b8afd8b8e35c3efd638c7df67be2d5cddbf",
                "sha256:2366fe0479ca0e9afa534174faa2beae87847d208d457d200183f28c74eaea59",
                "sha256:2bceeb491b38225b1fee4517107b8491ba54fba77cf22a12e996d96a3c55613d",
                "sha256:2ddeabc7652024803666ea09f32dd1ed40a0579b6fbb2a213eba590683025895",
                "sha256:2fe5e71e11a54e3355fa272137d521a40aace5d937d08b494bed4529964c19c4",
                "sha256:319eb2a8d0888fa6f1d9177705f341bc9455a2c8aca130016e52c7fe8d6c37a3",
                "sha256:3f5716923d3d0bfb27048242a6e0f14eecdb2e2a7fac47eda1d055288595f222",
                "sha256:422dec1e7cbb2efbbe50e3f1de36b82906def93ed48da12d1714cabcd993d7f0",
                "sha256:4c9c3155fe74269f61e27617529b7f09552fbb12e44b1189cebbdb24294e6e1c",
                "sha256:4f64fc59fd5b10557f6cd0937e1597af022ad9b27d454e182485f1db3008f417",
                "sha256:564a4c8a29435d1f2256ba247a0315325ea63335508ad8ed938a4f14c4116a5d",
                "sha256:59506c6e8bd9306cd8a41511e32d16d5d1194110b8cfe5a11d102d8b63cf945d",
                "sha256:598c0a79b4b851b922f504f9f39a863d83ebdfff787261a5ed061c21e67dd761",
                "sha256:59c00bb8dd8775473cbfb967925ad2c3ecc8886b3b2d0c90a8e2707e06c743f0",
                "sha256:6110bab7eab6566492618540c70edd4d2a18f40ca1d51d704f1d81c52d245026",
                "sha256:6afe6a627888c9a6cfbb603d1d017ce204cebd589d66e0703309b8048c3b0854",
                "sha256:791aa1b300e5b6e5d597c37c346fb4d66422178566bbb426dd87eaae475053fb",
                "sha256:8394e266005f2d8c6f0bc6780001f7afa3ef81a7a2111fa35058ded6fce79e4d",
                "sha256:875c355360d0f8d3d827e462b29ea7682bf52327d500a4f837e934e9e4656068",
                "sha256:89e5528803566af4df368df2d6f503c84fbfb8249e6631c7b025fe23e6bd0cde",
                "sha256:99d8ab206a5270c1002bfcf25c51bf329ca951e5a169f3b43214fdda1f0b5f0d",
                "sha256:9a854b916806c7e3b40e6616ac9e85d3cdb7649d9e6590653deb5b341a736cec",
                "sha256:b85ac458354165405c8a84725de7bbd07b00d9f72c31a60ffbf96bb38d3e25fa",
                "sha256:bc84fb254a875a9f66616ed4538542fb7965db6356f3df571d783f7c8d256edd",
                "sha256:c92831dac113a6e0ab28bc98f33781383fe294df1a2c3dfd1e850114da35fd5b",
                "sha256:cbe23b323988a04c3e5b0c387fe3f8f363bf06c0680daf775875d979e376bd26",
                "sha256:ccb3d2190476d00414aab36cca453e4596e8f70a206e2aa8db3d495a109153d2",
                "sha256:d8bbce0c96462dbceaa7ac4a7dfbbee92745b801b24bce10a98d2f2b1ea9432f",
                "sha256:db2b7df831c3187a37f3bb80ec095f249fa276dbe09abd3d35297fc250385694",
                "sha256:e586f448df2bbc37dfadccdb7ccd125c62b4348cb90c10840d695592aa1b29e0",
                "sha256:e5983c19d0beb6af88cb4d47afb92d96751fb3fa1784d8785b1cdf14c6519407",
                "sha256:e6a1e5ca97d411a461041d057348e578dc344ecd2add3555aedba3b408c9f874",
                "sha256:eaf58b9e30e0e546cdc3ac06cf9165a1ca5b3de8221e9df679416ca667972035",
                "sha256:ed693137a9187052fc46eedfafdcb74e09917166362af4cc4fddc3b31560e93d",
                "sha256:edd1a68f79b89b0c57339bce297ad5d5ffcc6ae7e1afdb10f1947706ed066c9c",
                "sha256:f080248b3e029d052bf74a897b9d74cfb7643537fbde97fe8225a6467fb559b5",
                "sha256:f9392a4555f3e4cb45310a65b403d86b589adc773898c25a39184b1ba4db8985",
                "sha256:f98dc35ab9a749276f1a4a38ab3e0e2ba1662ce710f6530f5b0a6656f1c32b58"
            ],
            "version": "==2021.7.6"
        },
        "six": {
            "hashes": [
                "sha256:1e61c37477a1626458e36f7b1d82aa5c9b094fa4802892072e49de9c60c4c926",
                "sha256:8abb2f1d86890a2dfb989f9a77cfcfd3e47c2a354b01111771326f8aa26e0254"
            ],
            "markers": "python_version >= '2.7' and python_version not in '3.0, 3.1, 3.2'",
            "version": "==1.16.0"
        },
        "toml": {
            "hashes": [
                "sha256:806143ae5bfb6a3c6e736a764057db0e6a0e05e338b5630894a5f779cabb4f9b",
                "sha256:b3bda1d108d5dd99f4a20d24d9c348e91c4db7ab1b749200bded2f839ccbe68f"
            ],
            "markers": "python_version >= '2.6' and python_version not in '3.0, 3.1, 3.2'",
            "version": "==0.10.2"
        },
        "typing-extensions": {
            "hashes": [
                "sha256:0ac0f89795dd19de6b97debb0c6af1c70987fd80a2d62d1958f7e56fcc31b497",
                "sha256:50b6f157849174217d0656f99dc82fe932884fb250826c18350e159ec6cdf342",
                "sha256:779383f6086d90c99ae41cf0ff39aac8a7937a9283ce0a414e5dd782f4c94a84"
            ],
            "version": "==3.10.0.0"
        },
        "virtualenv": {
            "hashes": [
                "sha256:14fdf849f80dbb29a4eb6caa9875d476ee2a5cf76a5f5415fa2f1606010ab467",
                "sha256:2b0126166ea7c9c3661f5b8e06773d28f83322de7a3ff7d06f0aed18c9de6a76"
            ],
            "markers": "python_version >= '2.7' and python_version not in '3.0, 3.1, 3.2, 3.3'",
            "version": "==20.4.7"
        }
    }
}
